// !$*UTF8*$!
{
	archiveVersion = 1;
	classes = {
	};
	objectVersion = 77;
	objects = {

/* Begin PBXBuildFile section */
		B221F46F2CA59514009488B1 /* Loadable in Frameworks */ = {isa = PBXBuildFile; productRef = B221F46E2CA59514009488B1 /* Loadable */; };
		B221F4712CA59514009488B1 /* LoadableUI in Frameworks */ = {isa = PBXBuildFile; productRef = B221F4702CA59514009488B1 /* LoadableUI */; };
		B221F4732CA59514009488B1 /* PaginatedList in Frameworks */ = {isa = PBXBuildFile; productRef = B221F4722CA59514009488B1 /* PaginatedList */; };
		B2B96C702C74EA9900EC4EDA /* Loadable in Frameworks */ = {isa = PBXBuildFile; productRef = B2B96C6F2C74EA9900EC4EDA /* Loadable */; };
		B2B96C722C74EA9900EC4EDA /* PaginatedList in Frameworks */ = {isa = PBXBuildFile; productRef = B2B96C712C74EA9900EC4EDA /* PaginatedList */; };
/* End PBXBuildFile section */

/* Begin PBXContainerItemProxy section */
		B2B96C522C74EA2200EC4EDA /* PBXContainerItemProxy */ = {
			isa = PBXContainerItemProxy;
			containerPortal = B2B96C392C74EA2100EC4EDA /* Project object */;
			proxyType = 1;
			remoteGlobalIDString = B2B96C402C74EA2100EC4EDA;
			remoteInfo = LoadableExamples;
		};
/* End PBXContainerItemProxy section */

/* Begin PBXFileReference section */
		B2B96C412C74EA2100EC4EDA /* LoadableExamples.app */ = {isa = PBXFileReference; explicitFileType = wrapper.application; includeInIndex = 0; path = LoadableExamples.app; sourceTree = BUILT_PRODUCTS_DIR; };
		B2B96C512C74EA2200EC4EDA /* LoadableExamplesTests.xctest */ = {isa = PBXFileReference; explicitFileType = wrapper.cfbundle; includeInIndex = 0; path = LoadableExamplesTests.xctest; sourceTree = BUILT_PRODUCTS_DIR; };
/* End PBXFileReference section */

/* Begin PBXFileSystemSynchronizedRootGroup section */
		B2B96C432C74EA2100EC4EDA /* LoadableExamples */ = {
			isa = PBXFileSystemSynchronizedRootGroup;
			path = LoadableExamples;
			sourceTree = "<group>";
		};
		B2B96C542C74EA2200EC4EDA /* LoadableExamplesTests */ = {
			isa = PBXFileSystemSynchronizedRootGroup;
			path = LoadableExamplesTests;
			sourceTree = "<group>";
		};
/* End PBXFileSystemSynchronizedRootGroup section */

/* Begin PBXFrameworksBuildPhase section */
		B2B96C3E2C74EA2100EC4EDA /* Frameworks */ = {
			isa = PBXFrameworksBuildPhase;
			buildActionMask = 2147483647;
			files = (
				B221F4712CA59514009488B1 /* LoadableUI in Frameworks */,
				B2B96C722C74EA9900EC4EDA /* PaginatedList in Frameworks */,
				B221F4732CA59514009488B1 /* PaginatedList in Frameworks */,
				B2B96C702C74EA9900EC4EDA /* Loadable in Frameworks */,
				B221F46F2CA59514009488B1 /* Loadable in Frameworks */,
			);
			runOnlyForDeploymentPostprocessing = 0;
		};
		B2B96C4E2C74EA2200EC4EDA /* Frameworks */ = {
			isa = PBXFrameworksBuildPhase;
			buildActionMask = 2147483647;
			files = (
			);
			runOnlyForDeploymentPostprocessing = 0;
		};
/* End PBXFrameworksBuildPhase section */

/* Begin PBXGroup section */
		B2B96C382C74EA2100EC4EDA = {
			isa = PBXGroup;
			children = (
				B2B96C432C74EA2100EC4EDA /* LoadableExamples */,
				B2B96C542C74EA2200EC4EDA /* LoadableExamplesTests */,
				B2B96C422C74EA2100EC4EDA /* Products */,
			);
			sourceTree = "<group>";
		};
		B2B96C422C74EA2100EC4EDA /* Products */ = {
			isa = PBXGroup;
			children = (
				B2B96C412C74EA2100EC4EDA /* LoadableExamples.app */,
				B2B96C512C74EA2200EC4EDA /* LoadableExamplesTests.xctest */,
			);
			name = Products;
			sourceTree = "<group>";
		};
/* End PBXGroup section */

/* Begin PBXNativeTarget section */
		B2B96C402C74EA2100EC4EDA /* LoadableExamples */ = {
			isa = PBXNativeTarget;
			buildConfigurationList = B2B96C652C74EA2200EC4EDA /* Build configuration list for PBXNativeTarget "LoadableExamples" */;
			buildPhases = (
				B2B96C3D2C74EA2100EC4EDA /* Sources */,
				B2B96C3E2C74EA2100EC4EDA /* Frameworks */,
				B2B96C3F2C74EA2100EC4EDA /* Resources */,
			);
			buildRules = (
			);
			dependencies = (
			);
			fileSystemSynchronizedGroups = (
				B2B96C432C74EA2100EC4EDA /* LoadableExamples */,
			);
			name = LoadableExamples;
			packageProductDependencies = (
				B2B96C6F2C74EA9900EC4EDA /* Loadable */,
				B2B96C712C74EA9900EC4EDA /* PaginatedList */,
				B221F46E2CA59514009488B1 /* Loadable */,
				B221F4702CA59514009488B1 /* LoadableUI */,
				B221F4722CA59514009488B1 /* PaginatedList */,
			);
			productName = LoadableExamples;
			productReference = B2B96C412C74EA2100EC4EDA /* LoadableExamples.app */;
			productType = "com.apple.product-type.application";
		};
		B2B96C502C74EA2200EC4EDA /* LoadableExamplesTests */ = {
			isa = PBXNativeTarget;
			buildConfigurationList = B2B96C682C74EA2200EC4EDA /* Build configuration list for PBXNativeTarget "LoadableExamplesTests" */;
			buildPhases = (
				B2B96C4D2C74EA2200EC4EDA /* Sources */,
				B2B96C4E2C74EA2200EC4EDA /* Frameworks */,
				B2B96C4F2C74EA2200EC4EDA /* Resources */,
			);
			buildRules = (
			);
			dependencies = (
				B2B96C532C74EA2200EC4EDA /* PBXTargetDependency */,
			);
			fileSystemSynchronizedGroups = (
				B2B96C542C74EA2200EC4EDA /* LoadableExamplesTests */,
			);
			name = LoadableExamplesTests;
			packageProductDependencies = (
			);
			productName = LoadableExamplesTests;
			productReference = B2B96C512C74EA2200EC4EDA /* LoadableExamplesTests.xctest */;
			productType = "com.apple.product-type.bundle.unit-test";
		};
/* End PBXNativeTarget section */

/* Begin PBXProject section */
		B2B96C392C74EA2100EC4EDA /* Project object */ = {
			isa = PBXProject;
			attributes = {
				BuildIndependentTargetsInParallel = 1;
				LastSwiftUpdateCheck = 1600;
				LastUpgradeCheck = 1600;
				TargetAttributes = {
					B2B96C402C74EA2100EC4EDA = {
						CreatedOnToolsVersion = 16.0;
					};
					B2B96C502C74EA2200EC4EDA = {
						CreatedOnToolsVersion = 16.0;
						TestTargetID = B2B96C402C74EA2100EC4EDA;
					};
				};
			};
			buildConfigurationList = B2B96C3C2C74EA2100EC4EDA /* Build configuration list for PBXProject "LoadableExamples" */;
			developmentRegion = en;
			hasScannedForEncodings = 0;
			knownRegions = (
				en,
				Base,
			);
			mainGroup = B2B96C382C74EA2100EC4EDA;
			minimizedProjectReferenceProxies = 1;
			packageReferences = (
				B221F46D2CA59514009488B1 /* XCLocalSwiftPackageReference "../../swift-composable-loadable-state" */,
			);
			preferredProjectObjectVersion = 77;
			productRefGroup = B2B96C422C74EA2100EC4EDA /* Products */;
			projectDirPath = "";
			projectRoot = "";
			targets = (
				B2B96C402C74EA2100EC4EDA /* LoadableExamples */,
				B2B96C502C74EA2200EC4EDA /* LoadableExamplesTests */,
			);
		};
/* End PBXProject section */

/* Begin PBXResourcesBuildPhase section */
		B2B96C3F2C74EA2100EC4EDA /* Resources */ = {
			isa = PBXResourcesBuildPhase;
			buildActionMask = 2147483647;
			files = (
			);
			runOnlyForDeploymentPostprocessing = 0;
		};
		B2B96C4F2C74EA2200EC4EDA /* Resources */ = {
			isa = PBXResourcesBuildPhase;
			buildActionMask = 2147483647;
			files = (
			);
			runOnlyForDeploymentPostprocessing = 0;
		};
/* End PBXResourcesBuildPhase section */

/* Begin PBXSourcesBuildPhase section */
		B2B96C3D2C74EA2100EC4EDA /* Sources */ = {
			isa = PBXSourcesBuildPhase;
			buildActionMask = 2147483647;
			files = (
			);
			runOnlyForDeploymentPostprocessing = 0;
		};
		B2B96C4D2C74EA2200EC4EDA /* Sources */ = {
			isa = PBXSourcesBuildPhase;
			buildActionMask = 2147483647;
			files = (
			);
			runOnlyForDeploymentPostprocessing = 0;
		};
/* End PBXSourcesBuildPhase section */

/* Begin PBXTargetDependency section */
		B2B96C532C74EA2200EC4EDA /* PBXTargetDependency */ = {
			isa = PBXTargetDependency;
			target = B2B96C402C74EA2100EC4EDA /* LoadableExamples */;
			targetProxy = B2B96C522C74EA2200EC4EDA /* PBXContainerItemProxy */;
		};
/* End PBXTargetDependency section */

/* Begin XCBuildConfiguration section */
		B2B96C632C74EA2200EC4EDA /* Debug */ = {
			isa = XCBuildConfiguration;
			buildSettings = {
				ALWAYS_SEARCH_USER_PATHS = NO;
				ASSETCATALOG_COMPILER_GENERATE_SWIFT_ASSET_SYMBOL_EXTENSIONS = YES;
				CLANG_ANALYZER_NONNULL = YES;
				CLANG_ANALYZER_NUMBER_OBJECT_CONVERSION = YES_AGGRESSIVE;
				CLANG_CXX_LANGUAGE_STANDARD = "gnu++20";
				CLANG_ENABLE_MODULES = YES;
				CLANG_ENABLE_OBJC_ARC = YES;
				CLANG_ENABLE_OBJC_WEAK = YES;
				CLANG_WARN_BLOCK_CAPTURE_AUTORELEASING = YES;
				CLANG_WARN_BOOL_CONVERSION = YES;
				CLANG_WARN_COMMA = YES;
				CLANG_WARN_CONSTANT_CONVERSION = YES;
				CLANG_WARN_DEPRECATED_OBJC_IMPLEMENTATIONS = YES;
				CLANG_WARN_DIRECT_OBJC_ISA_USAGE = YES_ERROR;
				CLANG_WARN_DOCUMENTATION_COMMENTS = YES;
				CLANG_WARN_EMPTY_BODY = YES;
				CLANG_WARN_ENUM_CONVERSION = YES;
				CLANG_WARN_INFINITE_RECURSION = YES;
				CLANG_WARN_INT_CONVERSION = YES;
				CLANG_WARN_NON_LITERAL_NULL_CONVERSION = YES;
				CLANG_WARN_OBJC_IMPLICIT_RETAIN_SELF = YES;
				CLANG_WARN_OBJC_LITERAL_CONVERSION = YES;
				CLANG_WARN_OBJC_ROOT_CLASS = YES_ERROR;
				CLANG_WARN_QUOTED_INCLUDE_IN_FRAMEWORK_HEADER = YES;
				CLANG_WARN_RANGE_LOOP_ANALYSIS = YES;
				CLANG_WARN_STRICT_PROTOTYPES = YES;
				CLANG_WARN_SUSPICIOUS_MOVE = YES;
				CLANG_WARN_UNGUARDED_AVAILABILITY = YES_AGGRESSIVE;
				CLANG_WARN_UNREACHABLE_CODE = YES;
				CLANG_WARN__DUPLICATE_METHOD_MATCH = YES;
				COPY_PHASE_STRIP = NO;
				DEBUG_INFORMATION_FORMAT = dwarf;
				ENABLE_STRICT_OBJC_MSGSEND = YES;
				ENABLE_TESTABILITY = YES;
				ENABLE_USER_SCRIPT_SANDBOXING = YES;
				GCC_C_LANGUAGE_STANDARD = gnu17;
				GCC_DYNAMIC_NO_PIC = NO;
				GCC_NO_COMMON_BLOCKS = YES;
				GCC_OPTIMIZATION_LEVEL = 0;
				GCC_PREPROCESSOR_DEFINITIONS = (
					"DEBUG=1",
					"$(inherited)",
				);
				GCC_WARN_64_TO_32_BIT_CONVERSION = YES;
				GCC_WARN_ABOUT_RETURN_TYPE = YES_ERROR;
				GCC_WARN_UNDECLARED_SELECTOR = YES;
				GCC_WARN_UNINITIALIZED_AUTOS = YES_AGGRESSIVE;
				GCC_WARN_UNUSED_FUNCTION = YES;
				GCC_WARN_UNUSED_VARIABLE = YES;
				IPHONEOS_DEPLOYMENT_TARGET = 18.0;
				LOCALIZATION_PREFERS_STRING_CATALOGS = YES;
				MTL_ENABLE_DEBUG_INFO = INCLUDE_SOURCE;
				MTL_FAST_MATH = YES;
				ONLY_ACTIVE_ARCH = YES;
				SDKROOT = iphoneos;
				SWIFT_ACTIVE_COMPILATION_CONDITIONS = "DEBUG $(inherited)";
				SWIFT_OPTIMIZATION_LEVEL = "-Onone";
			};
			name = Debug;
		};
		B2B96C642C74EA2200EC4EDA /* Release */ = {
			isa = XCBuildConfiguration;
			buildSettings = {
				ALWAYS_SEARCH_USER_PATHS = NO;
				ASSETCATALOG_COMPILER_GENERATE_SWIFT_ASSET_SYMBOL_EXTENSIONS = YES;
				CLANG_ANALYZER_NONNULL = YES;
				CLANG_ANALYZER_NUMBER_OBJECT_CONVERSION = YES_AGGRESSIVE;
				CLANG_CXX_LANGUAGE_STANDARD = "gnu++20";
				CLANG_ENABLE_MODULES = YES;
				CLANG_ENABLE_OBJC_ARC = YES;
				CLANG_ENABLE_OBJC_WEAK = YES;
				CLANG_WARN_BLOCK_CAPTURE_AUTORELEASING = YES;
				CLANG_WARN_BOOL_CONVERSION = YES;
				CLANG_WARN_COMMA = YES;
				CLANG_WARN_CONSTANT_CONVERSION = YES;
				CLANG_WARN_DEPRECATED_OBJC_IMPLEMENTATIONS = YES;
				CLANG_WARN_DIRECT_OBJC_ISA_USAGE = YES_ERROR;
				CLANG_WARN_DOCUMENTATION_COMMENTS = YES;
				CLANG_WARN_EMPTY_BODY = YES;
				CLANG_WARN_ENUM_CONVERSION = YES;
				CLANG_WARN_INFINITE_RECURSION = YES;
				CLANG_WARN_INT_CONVERSION = YES;
				CLANG_WARN_NON_LITERAL_NULL_CONVERSION = YES;
				CLANG_WARN_OBJC_IMPLICIT_RETAIN_SELF = YES;
				CLANG_WARN_OBJC_LITERAL_CONVERSION = YES;
				CLANG_WARN_OBJC_ROOT_CLASS = YES_ERROR;
				CLANG_WARN_QUOTED_INCLUDE_IN_FRAMEWORK_HEADER = YES;
				CLANG_WARN_RANGE_LOOP_ANALYSIS = YES;
				CLANG_WARN_STRICT_PROTOTYPES = YES;
				CLANG_WARN_SUSPICIOUS_MOVE = YES;
				CLANG_WARN_UNGUARDED_AVAILABILITY = YES_AGGRESSIVE;
				CLANG_WARN_UNREACHABLE_CODE = YES;
				CLANG_WARN__DUPLICATE_METHOD_MATCH = YES;
				COPY_PHASE_STRIP = NO;
				DEBUG_INFORMATION_FORMAT = "dwarf-with-dsym";
				ENABLE_NS_ASSERTIONS = NO;
				ENABLE_STRICT_OBJC_MSGSEND = YES;
				ENABLE_USER_SCRIPT_SANDBOXING = YES;
				GCC_C_LANGUAGE_STANDARD = gnu17;
				GCC_NO_COMMON_BLOCKS = YES;
				GCC_WARN_64_TO_32_BIT_CONVERSION = YES;
				GCC_WARN_ABOUT_RETURN_TYPE = YES_ERROR;
				GCC_WARN_UNDECLARED_SELECTOR = YES;
				GCC_WARN_UNINITIALIZED_AUTOS = YES_AGGRESSIVE;
				GCC_WARN_UNUSED_FUNCTION = YES;
				GCC_WARN_UNUSED_VARIABLE = YES;
				IPHONEOS_DEPLOYMENT_TARGET = 18.0;
				LOCALIZATION_PREFERS_STRING_CATALOGS = YES;
				MTL_ENABLE_DEBUG_INFO = NO;
				MTL_FAST_MATH = YES;
				SDKROOT = iphoneos;
				SWIFT_COMPILATION_MODE = wholemodule;
				VALIDATE_PRODUCT = YES;
			};
			name = Release;
		};
		B2B96C662C74EA2200EC4EDA /* Debug */ = {
			isa = XCBuildConfiguration;
			buildSettings = {
				ASSETCATALOG_COMPILER_APPICON_NAME = AppIcon;
				ASSETCATALOG_COMPILER_GLOBAL_ACCENT_COLOR_NAME = AccentColor;
				CODE_SIGN_STYLE = Automatic;
				CURRENT_PROJECT_VERSION = 1;
				DEVELOPMENT_TEAM = 2SHNRBFMKJ;
				ENABLE_PREVIEWS = YES;
				GENERATE_INFOPLIST_FILE = YES;
				INFOPLIST_KEY_UIApplicationSceneManifest_Generation = YES;
				INFOPLIST_KEY_UIApplicationSupportsIndirectInputEvents = YES;
				INFOPLIST_KEY_UILaunchScreen_Generation = YES;
				INFOPLIST_KEY_UISupportedInterfaceOrientations_iPad = "UIInterfaceOrientationPortrait UIInterfaceOrientationPortraitUpsideDown UIInterfaceOrientationLandscapeLeft UIInterfaceOrientationLandscapeRight";
				INFOPLIST_KEY_UISupportedInterfaceOrientations_iPhone = "UIInterfaceOrientationPortrait UIInterfaceOrientationLandscapeLeft UIInterfaceOrientationLandscapeRight";
				LD_RUNPATH_SEARCH_PATHS = (
					"$(inherited)",
					"@executable_path/Frameworks",
				);
				MARKETING_VERSION = 1.0;
				PRODUCT_BUNDLE_IDENTIFIER = com.community.LoadableExamples;
				PRODUCT_NAME = "$(TARGET_NAME)";
				SWIFT_EMIT_LOC_STRINGS = YES;
				SWIFT_VERSION = 5.0;
				TARGETED_DEVICE_FAMILY = "1,2";
			};
			name = Debug;
		};
		B2B96C672C74EA2200EC4EDA /* Release */ = {
			isa = XCBuildConfiguration;
			buildSettings = {
				ASSETCATALOG_COMPILER_APPICON_NAME = AppIcon;
				ASSETCATALOG_COMPILER_GLOBAL_ACCENT_COLOR_NAME = AccentColor;
				CODE_SIGN_STYLE = Automatic;
				CURRENT_PROJECT_VERSION = 1;
				DEVELOPMENT_TEAM = 2SHNRBFMKJ;
				ENABLE_PREVIEWS = YES;
				GENERATE_INFOPLIST_FILE = YES;
				INFOPLIST_KEY_UIApplicationSceneManifest_Generation = YES;
				INFOPLIST_KEY_UIApplicationSupportsIndirectInputEvents = YES;
				INFOPLIST_KEY_UILaunchScreen_Generation = YES;
				INFOPLIST_KEY_UISupportedInterfaceOrientations_iPad = "UIInterfaceOrientationPortrait UIInterfaceOrientationPortraitUpsideDown UIInterfaceOrientationLandscapeLeft UIInterfaceOrientationLandscapeRight";
				INFOPLIST_KEY_UISupportedInterfaceOrientations_iPhone = "UIInterfaceOrientationPortrait UIInterfaceOrientationLandscapeLeft UIInterfaceOrientationLandscapeRight";
				LD_RUNPATH_SEARCH_PATHS = (
					"$(inherited)",
					"@executable_path/Frameworks",
				);
				MARKETING_VERSION = 1.0;
				PRODUCT_BUNDLE_IDENTIFIER = com.community.LoadableExamples;
				PRODUCT_NAME = "$(TARGET_NAME)";
				SWIFT_EMIT_LOC_STRINGS = YES;
				SWIFT_VERSION = 5.0;
				TARGETED_DEVICE_FAMILY = "1,2";
			};
			name = Release;
		};
		B2B96C692C74EA2200EC4EDA /* Debug */ = {
			isa = XCBuildConfiguration;
			buildSettings = {
				BUNDLE_LOADER = "$(TEST_HOST)";
				CODE_SIGN_STYLE = Automatic;
				CURRENT_PROJECT_VERSION = 1;
				DEVELOPMENT_TEAM = 2SHNRBFMKJ;
				GENERATE_INFOPLIST_FILE = YES;
				IPHONEOS_DEPLOYMENT_TARGET = 18.0;
				MARKETING_VERSION = 1.0;
				PRODUCT_BUNDLE_IDENTIFIER = com.community.LoadableExamplesTests;
				PRODUCT_NAME = "$(TARGET_NAME)";
				SWIFT_EMIT_LOC_STRINGS = NO;
				SWIFT_VERSION = 5.0;
				TARGETED_DEVICE_FAMILY = "1,2";
				TEST_HOST = "$(BUILT_PRODUCTS_DIR)/LoadableExamples.app/$(BUNDLE_EXECUTABLE_FOLDER_PATH)/LoadableExamples";
			};
			name = Debug;
		};
		B2B96C6A2C74EA2200EC4EDA /* Release */ = {
			isa = XCBuildConfiguration;
			buildSettings = {
				BUNDLE_LOADER = "$(TEST_HOST)";
				CODE_SIGN_STYLE = Automatic;
				CURRENT_PROJECT_VERSION = 1;
				DEVELOPMENT_TEAM = 2SHNRBFMKJ;
				GENERATE_INFOPLIST_FILE = YES;
				IPHONEOS_DEPLOYMENT_TARGET = 18.0;
				MARKETING_VERSION = 1.0;
				PRODUCT_BUNDLE_IDENTIFIER = com.community.LoadableExamplesTests;
				PRODUCT_NAME = "$(TARGET_NAME)";
				SWIFT_EMIT_LOC_STRINGS = NO;
				SWIFT_VERSION = 5.0;
				TARGETED_DEVICE_FAMILY = "1,2";
				TEST_HOST = "$(BUILT_PRODUCTS_DIR)/LoadableExamples.app/$(BUNDLE_EXECUTABLE_FOLDER_PATH)/LoadableExamples";
			};
			name = Release;
		};
/* End XCBuildConfiguration section */

/* Begin XCConfigurationList section */
		B2B96C3C2C74EA2100EC4EDA /* Build configuration list for PBXProject "LoadableExamples" */ = {
			isa = XCConfigurationList;
			buildConfigurations = (
				B2B96C632C74EA2200EC4EDA /* Debug */,
				B2B96C642C74EA2200EC4EDA /* Release */,
			);
			defaultConfigurationIsVisible = 0;
			defaultConfigurationName = Release;
		};
		B2B96C652C74EA2200EC4EDA /* Build configuration list for PBXNativeTarget "LoadableExamples" */ = {
			isa = XCConfigurationList;
			buildConfigurations = (
				B2B96C662C74EA2200EC4EDA /* Debug */,
				B2B96C672C74EA2200EC4EDA /* Release */,
			);
			defaultConfigurationIsVisible = 0;
			defaultConfigurationName = Release;
		};
		B2B96C682C74EA2200EC4EDA /* Build configuration list for PBXNativeTarget "LoadableExamplesTests" */ = {
			isa = XCConfigurationList;
			buildConfigurations = (
				B2B96C692C74EA2200EC4EDA /* Debug */,
				B2B96C6A2C74EA2200EC4EDA /* Release */,
			);
			defaultConfigurationIsVisible = 0;
			defaultConfigurationName = Release;
		};
/* End XCConfigurationList section */

/* Begin XCLocalSwiftPackageReference section */
		B221F46D2CA59514009488B1 /* XCLocalSwiftPackageReference "../../swift-composable-loadable-state" */ = {
			isa = XCLocalSwiftPackageReference;
			relativePath = "../../swift-composable-loadable-state";
		};
/* End XCLocalSwiftPackageReference section */

/* Begin XCSwiftPackageProductDependency section */
		B221F46E2CA59514009488B1 /* Loadable */ = {
			isa = XCSwiftPackageProductDependency;
			productName = Loadable;
		};
		B221F4702CA59514009488B1 /* LoadableUI */ = {
			isa = XCSwiftPackageProductDependency;
			productName = LoadableUI;
		};
		B221F4722CA59514009488B1 /* PaginatedList */ = {
			isa = XCSwiftPackageProductDependency;
			productName = PaginatedList;
		};
		B2B96C6F2C74EA9900EC4EDA /* Loadable */ = {
			isa = XCSwiftPackageProductDependency;
			productName = Loadable;
		};
		B2B96C712C74EA9900EC4EDA /* PaginatedList */ = {
			isa = XCSwiftPackageProductDependency;
			productName = PaginatedList;
		};
/* End XCSwiftPackageProductDependency section */
	};
	rootObject = B2B96C392C74EA2100EC4EDA /* Project object */;
}
